
Microsoft Visual Studio Solution File, Format Version 12.00
# Visual Studio Version 17
VisualStudioVersion = 17.11.35208.52
MinimumVisualStudioVersion = 10.0.40219.1
Project("{888888A0-9F3D-457C-B088-3A5042F75D52}") = "EcoSim", "EcoSim.pyproj", "{EEF2632C-C4AC-408C-945D-F0F27150C9CD}"
EndProject
Global
	GlobalSection(SolutionConfigurationPlatforms) = preSolution
		Debug|Any CPU = Debug|Any CPU
		Release|Any CPU = Release|Any CPU
	EndGlobalSection
	GlobalSection(ProjectConfigurationPlatforms) = postSolution
		{EEF2632C-C4AC-408C-945D-F0F27150C9CD}.Debug|Any CPU.ActiveCfg = Debug|Any CPU
		{EEF2632C-C4AC-408C-945D-F0F27150C9CD}.Release|Any CPU.ActiveCfg = Release|Any CPU
	EndGlobalSection
	GlobalSection(SolutionProperties) = preSolution
		HideSolutionNode = FALSE
	EndGlobalSection
	GlobalSection(ExtensibilityGlobals) = postSolution
		SolutionGuid = {10A4A77E-6EF9-4371-8EB9-E6FA1696B48F}
	EndGlobalSection
EndGlobal
